{
  "version": 4,
  "terraform_version": "1.2.5",
  "serial": 65,
  "lineage": "c5e8bd47-6f6f-87b2-c180-1b99c1a235a2",
  "outputs": {
    "account_id": {
      "value": "078188256006",
      "type": "string"
    },
    "bucket-name": {
      "value": "devops-devops-cra-ap-south-1-078188256006",
      "type": "string"
    },
    "output": {
      "value": "devops-devops-cra-ap-south-1-078188256006",
      "type": "string"
    }
  },
  "resources": [
    {
      "mode": "data",
      "type": "aws_caller_identity",
      "name": "current",
      "provider": "provider[\"registry.terraform.io/hashicorp/aws\"]",
      "instances": [
        {
          "schema_version": 0,
          "attributes": {
            "account_id": "078188256006",
            "arn": "arn:aws:iam::078188256006:user/sunpreet.kaur@go-yubi.com",
            "id": "078188256006",
            "user_id": "AIDARENDCDMDK6E7YNPMC"
          },
          "sensitive_attributes": []
        }
      ]
    },
    {
      "mode": "managed",
      "type": "aws_cloudfront_origin_access_identity",
      "name": "origin_access_identity",
      "provider": "provider[\"registry.terraform.io/hashicorp/aws\"]",
      "instances": [
        {
          "schema_version": 0,
          "attributes": {
            "caller_reference": "terraform-20220927093801382600000001",
            "cloudfront_access_identity_path": "origin-access-identity/cloudfront/E35DR5LR7G69LN",
            "comment": null,
            "etag": "E36O78GEBE3EUS",
            "iam_arn": "arn:aws:iam::cloudfront:user/CloudFront Origin Access Identity E35DR5LR7G69LN",
            "id": "E35DR5LR7G69LN",
            "s3_canonical_user_id": "1d5608352e38ba398dd84a7cc047cd93a0bec63008d839de67fbff8c8ba844a16d11525eb1cc0eb75861405b12ead8fa"
          },
          "sensitive_attributes": [],
          "private": "bnVsbA=="
        }
      ]
    },
    {
      "mode": "managed",
      "type": "aws_s3_bucket",
      "name": "s3-bucket",
      "provider": "provider[\"registry.terraform.io/hashicorp/aws\"]",
      "instances": [
        {
          "schema_version": 0,
          "attributes": {
            "acceleration_status": "",
            "acl": null,
            "arn": "arn:aws:s3:::devops-devops-cra-ap-south-1-078188256006",
            "bucket": "devops-devops-cra-ap-south-1-078188256006",
            "bucket_domain_name": "devops-devops-cra-ap-south-1-078188256006.s3.amazonaws.com",
            "bucket_prefix": null,
            "bucket_regional_domain_name": "devops-devops-cra-ap-south-1-078188256006.s3.ap-south-1.amazonaws.com",
            "cors_rule": [],
            "force_destroy": false,
            "grant": [
              {
                "id": "8857a35061f9f14dc88a972d4fe4fe4a064390b2dbb7957a4dd156910914808c",
                "permissions": [
                  "FULL_CONTROL"
                ],
                "type": "CanonicalUser",
                "uri": ""
              }
            ],
            "hosted_zone_id": "Z11RGJOFQNVJUP",
            "id": "devops-devops-cra-ap-south-1-078188256006",
            "lifecycle_rule": [
              {
                "abort_incomplete_multipart_upload_days": 0,
                "enabled": true,
                "expiration": [],
                "id": "NoncurrentVersionToGlacierAfter90Days",
                "noncurrent_version_expiration": [],
                "noncurrent_version_transition": [],
                "prefix": "",
                "tags": {},
                "transition": [
                  {
                    "date": "",
                    "days": 90,
                    "storage_class": "GLACIER"
                  }
                ]
              }
            ],
            "logging": [],
            "object_lock_configuration": [],
            "object_lock_enabled": false,
            "policy": "",
            "region": "ap-south-1",
            "replication_configuration": [],
            "request_payer": "BucketOwner",
            "server_side_encryption_configuration": [
              {
                "rule": [
                  {
                    "apply_server_side_encryption_by_default": [
                      {
                        "kms_master_key_id": "",
                        "sse_algorithm": "AES256"
                      }
                    ],
                    "bucket_key_enabled": false
                  }
                ]
              }
            ],
            "tags": {
              "Environment": "devops",
              "Owner": "devops",
              "Project": "devops"
            },
            "tags_all": {
              "Environment": "devops",
              "Owner": "devops",
              "Project": "devops"
            },
            "timeouts": null,
            "versioning": [
              {
                "enabled": true,
                "mfa_delete": false
              }
            ],
            "website": [],
            "website_domain": null,
            "website_endpoint": null
          },
          "sensitive_attributes": [],
          "private": "eyJlMmJmYjczMC1lY2FhLTExZTYtOGY4OC0zNDM2M2JjN2M0YzAiOnsiY3JlYXRlIjoxMjAwMDAwMDAwMDAwLCJkZWxldGUiOjM2MDAwMDAwMDAwMDAsInJlYWQiOjEyMDAwMDAwMDAwMDAsInVwZGF0ZSI6MTIwMDAwMDAwMDAwMH19",
          "dependencies": [
            "data.aws_caller_identity.current"
          ]
        }
      ]
    },
    {
      "mode": "managed",
      "type": "aws_s3_bucket_lifecycle_configuration",
      "name": "s3-lifecycle-config",
      "provider": "provider[\"registry.terraform.io/hashicorp/aws\"]",
      "instances": [
        {
          "schema_version": 0,
          "attributes": {
            "bucket": "devops-devops-cra-ap-south-1-078188256006",
            "expected_bucket_owner": "",
            "id": "devops-devops-cra-ap-south-1-078188256006",
            "rule": [
              {
                "abort_incomplete_multipart_upload": [],
                "expiration": [],
                "filter": [
                  {
                    "and": [],
                    "object_size_greater_than": "",
                    "object_size_less_than": "",
                    "prefix": "",
                    "tag": []
                  }
                ],
                "id": "NoncurrentVersionToGlacierAfter90Days",
                "noncurrent_version_expiration": [],
                "noncurrent_version_transition": [],
                "prefix": "",
                "status": "Enabled",
                "transition": [
                  {
                    "date": "",
                    "days": 90,
                    "storage_class": "GLACIER"
                  }
                ]
              }
            ]
          },
          "sensitive_attributes": [],
          "private": "bnVsbA==",
          "dependencies": [
            "aws_s3_bucket.s3-bucket",
            "data.aws_caller_identity.current"
          ]
        }
      ]
    },
    {
      "mode": "managed",
      "type": "aws_s3_bucket_logging",
      "name": "s3-logging",
      "provider": "provider[\"registry.terraform.io/hashicorp/aws\"]",
      "instances": [
        {
          "schema_version": 0,
          "attributes": {
            "bucket": "devops-devops-cra-ap-south-1-078188256006",
            "expected_bucket_owner": "",
            "id": "devops-devops-cra-ap-south-1-078188256006",
            "target_bucket": "devops-devops-cra-ap-south-1-078188256006",
            "target_grant": [],
            "target_prefix": "devops-devops-cra-ap-south-1-078188256006"
          },
          "sensitive_attributes": [],
          "private": "bnVsbA==",
          "dependencies": [
            "aws_s3_bucket.s3-bucket",
            "data.aws_caller_identity.current"
          ]
        }
      ]
    },
    {
      "mode": "managed",
      "type": "aws_s3_bucket_server_side_encryption_configuration",
      "name": "s3-encryption",
      "provider": "provider[\"registry.terraform.io/hashicorp/aws\"]",
      "instances": [
        {
          "schema_version": 0,
          "attributes": {
            "bucket": "devops-devops-cra-ap-south-1-078188256006",
            "expected_bucket_owner": "",
            "id": "devops-devops-cra-ap-south-1-078188256006",
            "rule": [
              {
                "apply_server_side_encryption_by_default": [
                  {
                    "kms_master_key_id": "",
                    "sse_algorithm": "AES256"
                  }
                ],
                "bucket_key_enabled": false
              }
            ]
          },
          "sensitive_attributes": [],
          "private": "bnVsbA==",
          "dependencies": [
            "aws_s3_bucket.s3-bucket",
            "data.aws_caller_identity.current"
          ]
        }
      ]
    },
    {
      "mode": "managed",
      "type": "aws_s3_bucket_versioning",
      "name": "s3-versioning",
      "provider": "provider[\"registry.terraform.io/hashicorp/aws\"]",
      "instances": [
        {
          "schema_version": 0,
          "attributes": {
            "bucket": "devops-devops-cra-ap-south-1-078188256006",
            "expected_bucket_owner": "",
            "id": "devops-devops-cra-ap-south-1-078188256006",
            "mfa": null,
            "versioning_configuration": [
              {
                "mfa_delete": "",
                "status": "Enabled"
              }
            ]
          },
          "sensitive_attributes": [],
          "private": "bnVsbA==",
          "dependencies": [
            "aws_s3_bucket.s3-bucket",
            "data.aws_caller_identity.current"
          ]
        }
      ]
    }
  ]
}
